
Microsoft Visual Studio Solution File, Format Version 12.00
# Visual Studio Version 16
VisualStudioVersion = 16.0.30524.135
MinimumVisualStudioVersion = 10.0.40219.1
Project("{FAE04EC0-301F-11D3-BF4B-00C04F79EFBC}") = "AdvancedPagination", "AdvancedPagination\AdvancedPagination.csproj", "{A1896A15-574C-4D40-A273-F1B33CE34DE0}"
EndProject
Global
	GlobalSection(SolutionConfigurationPlatforms) = preSolution
		Debug|Any CPU = Debug|Any CPU
		Release|Any CPU = Release|Any CPU
	EndGlobalSection
	GlobalSection(ProjectConfigurationPlatforms) = postSolution
		{A1896A15-574C-4D40-A273-F1B33CE34DE0}.Debug|Any CPU.ActiveCfg = Debug|Any CPU
		{A1896A15-574C-4D40-A273-F1B33CE34DE0}.Debug|Any CPU.Build.0 = Debug|Any CPU
		{A1896A15-574C-4D40-A273-F1B33CE34DE0}.Release|Any CPU.ActiveCfg = Release|Any CPU
		{A1896A15-574C-4D40-A273-F1B33CE34DE0}.Release|Any CPU.Build.0 = Release|Any CPU
	EndGlobalSection
	GlobalSection(SolutionProperties) = preSolution
		HideSolutionNode = FALSE
	EndGlobalSection
	GlobalSection(ExtensibilityGlobals) = postSolution
		SolutionGuid = {6131260C-EC9A-49FD-A203-4AB6C6A8ADC7}
	EndGlobalSection
EndGlobal
